# THIS IS AN AUTOGENERATED FILE. DO NOT EDIT THIS FILE DIRECTLY.
# yarn lockfile v1


caniuse-lite@^1.0.30001547:
  version "1.0.30001547"
  resolved "https://registry.npmjs.org/caniuse-lite/-/caniuse-lite-1.0.30001547.tgz"
  integrity sha512-W7CrtIModMAxobGhz8iXmDfuJiiKg1WADMO/9x7/CLNin5cpSbuBjooyoIUVB5eyCc36QuTVlkVa1iB2S5+/eA==
